
Microsoft Visual Studio Solution File, Format Version 12.00
# Visual Studio Version 17
VisualStudioVersion = 17.7.34031.279
MinimumVisualStudioVersion = 10.0.40219.1
Project("{FAE04EC0-301F-11D3-BF4B-00C04F79EFBC}") = "AreaProgram", "AreaProgram.csproj", "{58AFCA93-F14C-40E5-B722-D3D5CD8D5DBA}"
EndProject
Global
	GlobalSection(SolutionConfigurationPlatforms) = preSolution
		Debug|Any CPU = Debug|Any CPU
		Release|Any CPU = Release|Any CPU
	EndGlobalSection
	GlobalSection(ProjectConfigurationPlatforms) = postSolution
		{58AFCA93-F14C-40E5-B722-D3D5CD8D5DBA}.Debug|Any CPU.ActiveCfg = Debug|Any CPU
		{58AFCA93-F14C-40E5-B722-D3D5CD8D5DBA}.Debug|Any CPU.Build.0 = Debug|Any CPU
		{58AFCA93-F14C-40E5-B722-D3D5CD8D5DBA}.Release|Any CPU.ActiveCfg = Release|Any CPU
		{58AFCA93-F14C-40E5-B722-D3D5CD8D5DBA}.Release|Any CPU.Build.0 = Release|Any CPU
	EndGlobalSection
	GlobalSection(SolutionProperties) = preSolution
		HideSolutionNode = FALSE
	EndGlobalSection
	GlobalSection(ExtensibilityGlobals) = postSolution
		SolutionGuid = {52EFE71D-E727-4842-99D4-90B463FF873D}
	EndGlobalSection
EndGlobal
